
Microsoft Visual Studio Solution File, Format Version 12.00
# Visual Studio Version 17
VisualStudioVersion = 17.4.33110.190
MinimumVisualStudioVersion = 10.0.40219.1
Project("{FAE04EC0-301F-11D3-BF4B-00C04F79EFBC}") = "RCS", "RCS\RCS.csproj", "{9FD28149-D0FE-4D7B-8B76-8807FADA3D8A}"
EndProject
Global
	GlobalSection(SolutionConfigurationPlatforms) = preSolution
		Debug|Any CPU = Debug|Any CPU
		Release|Any CPU = Release|Any CPU
	EndGlobalSection
	GlobalSection(ProjectConfigurationPlatforms) = postSolution
		{9FD28149-D0FE-4D7B-8B76-8807FADA3D8A}.Debug|Any CPU.ActiveCfg = Debug|Any CPU
		{9FD28149-D0FE-4D7B-8B76-8807FADA3D8A}.Debug|Any CPU.Build.0 = Debug|Any CPU
		{9FD28149-D0FE-4D7B-8B76-8807FADA3D8A}.Release|Any CPU.ActiveCfg = Release|Any CPU
		{9FD28149-D0FE-4D7B-8B76-8807FADA3D8A}.Release|Any CPU.Build.0 = Release|Any CPU
	EndGlobalSection
	GlobalSection(SolutionProperties) = preSolution
		HideSolutionNode = FALSE
	EndGlobalSection
	GlobalSection(ExtensibilityGlobals) = postSolution
		SolutionGuid = {7AECD42F-1C62-4ABB-9F96-1C3660CC609F}
	EndGlobalSection
EndGlobal
