
Microsoft Visual Studio Solution File, Format Version 12.00
# Visual Studio Version 17
VisualStudioVersion = 17.4.33110.190
MinimumVisualStudioVersion = 10.0.40219.1
Project("{9A19103F-16F7-4668-BE54-9A1E7A4F7556}") = "RCS", "RCS\RCS.csproj", "{9FD28149-D0FE-4D7B-8B76-8807FADA3D8A}"
EndProject
Project("{9A19103F-16F7-4668-BE54-9A1E7A4F7556}") = "RCS.Certificates", "RCS.Certificates\RCS.Certificates.csproj", "{F6B1E64F-98DC-4F90-B689-4E0AAA8BA25A}"
EndProject
Project("{9A19103F-16F7-4668-BE54-9A1E7A4F7556}") = "RCS.Service", "RCS.Service\RCS.Service.csproj", "{17E582C7-D5CC-4A99-BA24-207CEED1563E}"
EndProject
Project("{9A19103F-16F7-4668-BE54-9A1E7A4F7556}") = "RCS.Service.UI", "RCS.Service.UI\RCS.Service.UI.csproj", "{327A81DA-D615-4A20-BC0A-A6CC0A85987D}"
EndProject
Project("{9A19103F-16F7-4668-BE54-9A1E7A4F7556}") = "RCSServer", "RCSServer\RCSServer.csproj", "{67EF2EC7-A86F-44B5-BA79-FA33B2E2451A}"
EndProject
Project("{9A19103F-16F7-4668-BE54-9A1E7A4F7556}") = "RCS.Tests", "RCS.Tests\RCS.Tests.csproj", "{AD723C02-4DFD-4862-995D-DF7D22DC850B}"
EndProject
Project("{9A19103F-16F7-4668-BE54-9A1E7A4F7556}") = "RCS.Net", "RCS.Net\RCS.Net.csproj", "{611EF4F6-4D06-4A15-BD33-6E6F60D0431B}"
EndProject
Project("{9A19103F-16F7-4668-BE54-9A1E7A4F7556}") = "EasyTCP", "..\..\cs\EasyTCP\EasyTCP\EasyTCP.csproj", "{11CE4441-92D0-455A-BDD0-B1BA1D370377}"
EndProject
Global
	GlobalSection(SolutionConfigurationPlatforms) = preSolution
		Debug|Any CPU = Debug|Any CPU
		Release|Any CPU = Release|Any CPU
	EndGlobalSection
	GlobalSection(ProjectConfigurationPlatforms) = postSolution
		{9FD28149-D0FE-4D7B-8B76-8807FADA3D8A}.Debug|Any CPU.ActiveCfg = Debug|Any CPU
		{9FD28149-D0FE-4D7B-8B76-8807FADA3D8A}.Debug|Any CPU.Build.0 = Debug|Any CPU
		{9FD28149-D0FE-4D7B-8B76-8807FADA3D8A}.Release|Any CPU.ActiveCfg = Release|Any CPU
		{9FD28149-D0FE-4D7B-8B76-8807FADA3D8A}.Release|Any CPU.Build.0 = Release|Any CPU
		{F6B1E64F-98DC-4F90-B689-4E0AAA8BA25A}.Debug|Any CPU.ActiveCfg = Debug|Any CPU
		{F6B1E64F-98DC-4F90-B689-4E0AAA8BA25A}.Debug|Any CPU.Build.0 = Debug|Any CPU
		{F6B1E64F-98DC-4F90-B689-4E0AAA8BA25A}.Release|Any CPU.ActiveCfg = Release|Any CPU
		{F6B1E64F-98DC-4F90-B689-4E0AAA8BA25A}.Release|Any CPU.Build.0 = Release|Any CPU
		{17E582C7-D5CC-4A99-BA24-207CEED1563E}.Debug|Any CPU.ActiveCfg = Debug|Any CPU
		{17E582C7-D5CC-4A99-BA24-207CEED1563E}.Debug|Any CPU.Build.0 = Debug|Any CPU
		{17E582C7-D5CC-4A99-BA24-207CEED1563E}.Release|Any CPU.ActiveCfg = Release|Any CPU
		{17E582C7-D5CC-4A99-BA24-207CEED1563E}.Release|Any CPU.Build.0 = Release|Any CPU
		{327A81DA-D615-4A20-BC0A-A6CC0A85987D}.Debug|Any CPU.ActiveCfg = Debug|Any CPU
		{327A81DA-D615-4A20-BC0A-A6CC0A85987D}.Debug|Any CPU.Build.0 = Debug|Any CPU
		{327A81DA-D615-4A20-BC0A-A6CC0A85987D}.Release|Any CPU.ActiveCfg = Release|Any CPU
		{327A81DA-D615-4A20-BC0A-A6CC0A85987D}.Release|Any CPU.Build.0 = Release|Any CPU
		{67EF2EC7-A86F-44B5-BA79-FA33B2E2451A}.Debug|Any CPU.ActiveCfg = Debug|Any CPU
		{67EF2EC7-A86F-44B5-BA79-FA33B2E2451A}.Debug|Any CPU.Build.0 = Debug|Any CPU
		{67EF2EC7-A86F-44B5-BA79-FA33B2E2451A}.Release|Any CPU.ActiveCfg = Release|Any CPU
		{67EF2EC7-A86F-44B5-BA79-FA33B2E2451A}.Release|Any CPU.Build.0 = Release|Any CPU
		{AD723C02-4DFD-4862-995D-DF7D22DC850B}.Debug|Any CPU.ActiveCfg = Debug|Any CPU
		{AD723C02-4DFD-4862-995D-DF7D22DC850B}.Debug|Any CPU.Build.0 = Debug|Any CPU
		{AD723C02-4DFD-4862-995D-DF7D22DC850B}.Release|Any CPU.ActiveCfg = Release|Any CPU
		{AD723C02-4DFD-4862-995D-DF7D22DC850B}.Release|Any CPU.Build.0 = Release|Any CPU
		{611EF4F6-4D06-4A15-BD33-6E6F60D0431B}.Debug|Any CPU.ActiveCfg = Debug|Any CPU
		{611EF4F6-4D06-4A15-BD33-6E6F60D0431B}.Debug|Any CPU.Build.0 = Debug|Any CPU
		{611EF4F6-4D06-4A15-BD33-6E6F60D0431B}.Release|Any CPU.ActiveCfg = Release|Any CPU
		{611EF4F6-4D06-4A15-BD33-6E6F60D0431B}.Release|Any CPU.Build.0 = Release|Any CPU
		{11CE4441-92D0-455A-BDD0-B1BA1D370377}.Debug|Any CPU.ActiveCfg = Debug|Any CPU
		{11CE4441-92D0-455A-BDD0-B1BA1D370377}.Debug|Any CPU.Build.0 = Debug|Any CPU
		{11CE4441-92D0-455A-BDD0-B1BA1D370377}.Release|Any CPU.ActiveCfg = Release|Any CPU
		{11CE4441-92D0-455A-BDD0-B1BA1D370377}.Release|Any CPU.Build.0 = Release|Any CPU
	EndGlobalSection
	GlobalSection(SolutionProperties) = preSolution
		HideSolutionNode = FALSE
	EndGlobalSection
	GlobalSection(ExtensibilityGlobals) = postSolution
		SolutionGuid = {7AECD42F-1C62-4ABB-9F96-1C3660CC609F}
	EndGlobalSection
EndGlobal
